// !$*UTF8*$!
{
	archiveVersion = 1;
	classes = {
	};
	objectVersion = 56;
	objects = {

/* Begin PBXBuildFile section */
		161CDD2D2B2C6D58007B80D5 /* AppDelegate.swift in Sources */ = {isa = PBXBuildFile; fileRef = 161CDD2C2B2C6D58007B80D5 /* AppDelegate.swift */; };
		161CDD2F2B2C6D58007B80D5 /* SceneDelegate.swift in Sources */ = {isa = PBXBuildFile; fileRef = 161CDD2E2B2C6D58007B80D5 /* SceneDelegate.swift */; };
		161CDD342B2C6D58007B80D5 /* Main.storyboard in Resources */ = {isa = PBXBuildFile; fileRef = 161CDD322B2C6D58007B80D5 /* Main.storyboard */; };
		161CDD362B2C6D59007B80D5 /* Assets.xcassets in Resources */ = {isa = PBXBuildFile; fileRef = 161CDD352B2C6D59007B80D5 /* Assets.xcassets */; };
		161CDD392B2C6D59007B80D5 /* LaunchScreen.storyboard in Resources */ = {isa = PBXBuildFile; fileRef = 161CDD372B2C6D59007B80D5 /* LaunchScreen.storyboard */; };
		161CDD442B2C6D5A007B80D5 /* POCStoryboard_AppScheduledTests.swift in Sources */ = {isa = PBXBuildFile; fileRef = 161CDD432B2C6D5A007B80D5 /* POCStoryboard_AppScheduledTests.swift */; };
		161CDD4E2B2C6D5A007B80D5 /* POCStoryboard_AppScheduledUITests.swift in Sources */ = {isa = PBXBuildFile; fileRef = 161CDD4D2B2C6D5A007B80D5 /* POCStoryboard_AppScheduledUITests.swift */; };
		161CDD502B2C6D5A007B80D5 /* POCStoryboard_AppScheduledUITestsLaunchTests.swift in Sources */ = {isa = PBXBuildFile; fileRef = 161CDD4F2B2C6D5A007B80D5 /* POCStoryboard_AppScheduledUITestsLaunchTests.swift */; };
		161CDD602B2C6EC6007B80D5 /* TasksTableViewController.swift in Sources */ = {isa = PBXBuildFile; fileRef = 161CDD5F2B2C6EC6007B80D5 /* TasksTableViewController.swift */; };
		161CDD632B2C79E1007B80D5 /* Task.swift in Sources */ = {isa = PBXBuildFile; fileRef = 161CDD622B2C79E1007B80D5 /* Task.swift */; };
		161CDD652B2C7A40007B80D5 /* Category.swift in Sources */ = {isa = PBXBuildFile; fileRef = 161CDD642B2C7A40007B80D5 /* Category.swift */; };
		161CDD682B2C7CEF007B80D5 /* TaskTableViewCell.swift in Sources */ = {isa = PBXBuildFile; fileRef = 161CDD672B2C7CEF007B80D5 /* TaskTableViewCell.swift */; };
		161CDD6A2B2CCCAF007B80D5 /* CreateTaskTableViewController.swift in Sources */ = {isa = PBXBuildFile; fileRef = 161CDD692B2CCCAF007B80D5 /* CreateTaskTableViewController.swift */; };
		161CDD6C2B2CCF41007B80D5 /* TaskDescriptionableViewCell.swift in Sources */ = {isa = PBXBuildFile; fileRef = 161CDD6B2B2CCF41007B80D5 /* TaskDescriptionableViewCell.swift */; };
		161CDD6E2B2CCF5C007B80D5 /* CategoryTableViewCell.swift in Sources */ = {isa = PBXBuildFile; fileRef = 161CDD6D2B2CCF5C007B80D5 /* CategoryTableViewCell.swift */; };
		161CDD702B2CCF8B007B80D5 /* DateTableViewCell.swift in Sources */ = {isa = PBXBuildFile; fileRef = 161CDD6F2B2CCF8B007B80D5 /* DateTableViewCell.swift */; };
		161CDD722B3050A5007B80D5 /* ChooseCategoryTableViewController.swift in Sources */ = {isa = PBXBuildFile; fileRef = 161CDD712B3050A5007B80D5 /* ChooseCategoryTableViewController.swift */; };
		161CDD752B305137007B80D5 /* CategoriesRepository.swift in Sources */ = {isa = PBXBuildFile; fileRef = 161CDD742B305137007B80D5 /* CategoriesRepository.swift */; };
		161CDD782B30578D007B80D5 /* TaskRepository.swift in Sources */ = {isa = PBXBuildFile; fileRef = 161CDD772B30578D007B80D5 /* TaskRepository.swift */; };
/* End PBXBuildFile section */

/* Begin PBXContainerItemProxy section */
		161CDD402B2C6D5A007B80D5 /* PBXContainerItemProxy */ = {
			isa = PBXContainerItemProxy;
			containerPortal = 161CDD212B2C6D58007B80D5 /* Project object */;
			proxyType = 1;
			remoteGlobalIDString = 161CDD282B2C6D58007B80D5;
			remoteInfo = POCStoryboard_AppScheduled;
		};
		161CDD4A2B2C6D5A007B80D5 /* PBXContainerItemProxy */ = {
			isa = PBXContainerItemProxy;
			containerPortal = 161CDD212B2C6D58007B80D5 /* Project object */;
			proxyType = 1;
			remoteGlobalIDString = 161CDD282B2C6D58007B80D5;
			remoteInfo = POCStoryboard_AppScheduled;
		};
/* End PBXContainerItemProxy section */

/* Begin PBXFileReference section */
		161CDD292B2C6D58007B80D5 /* POCStoryboard_AppScheduled.app */ = {isa = PBXFileReference; explicitFileType = wrapper.application; includeInIndex = 0; path = POCStoryboard_AppScheduled.app; sourceTree = BUILT_PRODUCTS_DIR; };
		161CDD2C2B2C6D58007B80D5 /* AppDelegate.swift */ = {isa = PBXFileReference; lastKnownFileType = sourcecode.swift; path = AppDelegate.swift; sourceTree = "<group>"; };
		161CDD2E2B2C6D58007B80D5 /* SceneDelegate.swift */ = {isa = PBXFileReference; lastKnownFileType = sourcecode.swift; path = SceneDelegate.swift; sourceTree = "<group>"; };
		161CDD332B2C6D58007B80D5 /* Base */ = {isa = PBXFileReference; lastKnownFileType = file.storyboard; name = Base; path = Base.lproj/Main.storyboard; sourceTree = "<group>"; };
		161CDD352B2C6D59007B80D5 /* Assets.xcassets */ = {isa = PBXFileReference; lastKnownFileType = folder.assetcatalog; path = Assets.xcassets; sourceTree = "<group>"; };
		161CDD382B2C6D59007B80D5 /* Base */ = {isa = PBXFileReference; lastKnownFileType = file.storyboard; name = Base; path = Base.lproj/LaunchScreen.storyboard; sourceTree = "<group>"; };
		161CDD3A2B2C6D59007B80D5 /* Info.plist */ = {isa = PBXFileReference; lastKnownFileType = text.plist.xml; path = Info.plist; sourceTree = "<group>"; };
		161CDD3F2B2C6D5A007B80D5 /* POCStoryboard_AppScheduledTests.xctest */ = {isa = PBXFileReference; explicitFileType = wrapper.cfbundle; includeInIndex = 0; path = POCStoryboard_AppScheduledTests.xctest; sourceTree = BUILT_PRODUCTS_DIR; };
		161CDD432B2C6D5A007B80D5 /* POCStoryboard_AppScheduledTests.swift */ = {isa = PBXFileReference; lastKnownFileType = sourcecode.swift; path = POCStoryboard_AppScheduledTests.swift; sourceTree = "<group>"; };
		161CDD492B2C6D5A007B80D5 /* POCStoryboard_AppScheduledUITests.xctest */ = {isa = PBXFileReference; explicitFileType = wrapper.cfbundle; includeInIndex = 0; path = POCStoryboard_AppScheduledUITests.xctest; sourceTree = BUILT_PRODUCTS_DIR; };
		161CDD4D2B2C6D5A007B80D5 /* POCStoryboard_AppScheduledUITests.swift */ = {isa = PBXFileReference; lastKnownFileType = sourcecode.swift; path = POCStoryboard_AppScheduledUITests.swift; sourceTree = "<group>"; };
		161CDD4F2B2C6D5A007B80D5 /* POCStoryboard_AppScheduledUITestsLaunchTests.swift */ = {isa = PBXFileReference; lastKnownFileType = sourcecode.swift; path = POCStoryboard_AppScheduledUITestsLaunchTests.swift; sourceTree = "<group>"; };
		161CDD5F2B2C6EC6007B80D5 /* TasksTableViewController.swift */ = {isa = PBXFileReference; lastKnownFileType = sourcecode.swift; path = TasksTableViewController.swift; sourceTree = "<group>"; };
		161CDD622B2C79E1007B80D5 /* Task.swift */ = {isa = PBXFileReference; lastKnownFileType = sourcecode.swift; path = Task.swift; sourceTree = "<group>"; };
		161CDD642B2C7A40007B80D5 /* Category.swift */ = {isa = PBXFileReference; lastKnownFileType = sourcecode.swift; path = Category.swift; sourceTree = "<group>"; };
		161CDD672B2C7CEF007B80D5 /* TaskTableViewCell.swift */ = {isa = PBXFileReference; lastKnownFileType = sourcecode.swift; path = TaskTableViewCell.swift; sourceTree = "<group>"; };
		161CDD692B2CCCAF007B80D5 /* CreateTaskTableViewController.swift */ = {isa = PBXFileReference; lastKnownFileType = sourcecode.swift; path = CreateTaskTableViewController.swift; sourceTree = "<group>"; };
		161CDD6B2B2CCF41007B80D5 /* TaskDescriptionableViewCell.swift */ = {isa = PBXFileReference; lastKnownFileType = sourcecode.swift; path = TaskDescriptionableViewCell.swift; sourceTree = "<group>"; };
		161CDD6D2B2CCF5C007B80D5 /* CategoryTableViewCell.swift */ = {isa = PBXFileReference; lastKnownFileType = sourcecode.swift; path = CategoryTableViewCell.swift; sourceTree = "<group>"; };
		161CDD6F2B2CCF8B007B80D5 /* DateTableViewCell.swift */ = {isa = PBXFileReference; lastKnownFileType = sourcecode.swift; path = DateTableViewCell.swift; sourceTree = "<group>"; };
		161CDD712B3050A5007B80D5 /* ChooseCategoryTableViewController.swift */ = {isa = PBXFileReference; lastKnownFileType = sourcecode.swift; path = ChooseCategoryTableViewController.swift; sourceTree = "<group>"; };
		161CDD742B305137007B80D5 /* CategoriesRepository.swift */ = {isa = PBXFileReference; lastKnownFileType = sourcecode.swift; path = CategoriesRepository.swift; sourceTree = "<group>"; };
		161CDD772B30578D007B80D5 /* TaskRepository.swift */ = {isa = PBXFileReference; lastKnownFileType = sourcecode.swift; path = TaskRepository.swift; sourceTree = "<group>"; };
/* End PBXFileReference section */

/* Begin PBXFrameworksBuildPhase section */
		161CDD262B2C6D58007B80D5 /* Frameworks */ = {
			isa = PBXFrameworksBuildPhase;
			buildActionMask = 2147483647;
			files = (
			);
			runOnlyForDeploymentPostprocessing = 0;
		};
		161CDD3C2B2C6D5A007B80D5 /* Frameworks */ = {
			isa = PBXFrameworksBuildPhase;
			buildActionMask = 2147483647;
			files = (
			);
			runOnlyForDeploymentPostprocessing = 0;
		};
		161CDD462B2C6D5A007B80D5 /* Frameworks */ = {
			isa = PBXFrameworksBuildPhase;
			buildActionMask = 2147483647;
			files = (
			);
			runOnlyForDeploymentPostprocessing = 0;
		};
/* End PBXFrameworksBuildPhase section */

/* Begin PBXGroup section */
		161CDD202B2C6D58007B80D5 = {
			isa = PBXGroup;
			children = (
				161CDD2B2B2C6D58007B80D5 /* POCStoryboard_AppScheduled */,
				161CDD422B2C6D5A007B80D5 /* POCStoryboard_AppScheduledTests */,
				161CDD4C2B2C6D5A007B80D5 /* POCStoryboard_AppScheduledUITests */,
				161CDD2A2B2C6D58007B80D5 /* Products */,
			);
			sourceTree = "<group>";
		};
		161CDD2A2B2C6D58007B80D5 /* Products */ = {
			isa = PBXGroup;
			children = (
				161CDD292B2C6D58007B80D5 /* POCStoryboard_AppScheduled.app */,
				161CDD3F2B2C6D5A007B80D5 /* POCStoryboard_AppScheduledTests.xctest */,
				161CDD492B2C6D5A007B80D5 /* POCStoryboard_AppScheduledUITests.xctest */,
			);
			name = Products;
			sourceTree = "<group>";
		};
		161CDD2B2B2C6D58007B80D5 /* POCStoryboard_AppScheduled */ = {
			isa = PBXGroup;
			children = (
				161CDD732B30511E007B80D5 /* Repositories */,
				161CDD612B2C7949007B80D5 /* Models */,
				161CDD5C2B2C6E6B007B80D5 /* Controllers */,
				161CDD2C2B2C6D58007B80D5 /* AppDelegate.swift */,
				161CDD2E2B2C6D58007B80D5 /* SceneDelegate.swift */,
				161CDD322B2C6D58007B80D5 /* Main.storyboard */,
				161CDD352B2C6D59007B80D5 /* Assets.xcassets */,
				161CDD372B2C6D59007B80D5 /* LaunchScreen.storyboard */,
				161CDD3A2B2C6D59007B80D5 /* Info.plist */,
			);
			path = POCStoryboard_AppScheduled;
			sourceTree = "<group>";
		};
		161CDD422B2C6D5A007B80D5 /* POCStoryboard_AppScheduledTests */ = {
			isa = PBXGroup;
			children = (
				161CDD432B2C6D5A007B80D5 /* POCStoryboard_AppScheduledTests.swift */,
			);
			path = POCStoryboard_AppScheduledTests;
			sourceTree = "<group>";
		};
		161CDD4C2B2C6D5A007B80D5 /* POCStoryboard_AppScheduledUITests */ = {
			isa = PBXGroup;
			children = (
				161CDD4D2B2C6D5A007B80D5 /* POCStoryboard_AppScheduledUITests.swift */,
				161CDD4F2B2C6D5A007B80D5 /* POCStoryboard_AppScheduledUITestsLaunchTests.swift */,
			);
			path = POCStoryboard_AppScheduledUITests;
			sourceTree = "<group>";
		};
		161CDD5C2B2C6E6B007B80D5 /* Controllers */ = {
			isa = PBXGroup;
			children = (
				161CDD662B2C7CCE007B80D5 /* Cells */,
				161CDD5F2B2C6EC6007B80D5 /* TasksTableViewController.swift */,
				161CDD692B2CCCAF007B80D5 /* CreateTaskTableViewController.swift */,
				161CDD712B3050A5007B80D5 /* ChooseCategoryTableViewController.swift */,
			);
			path = Controllers;
			sourceTree = "<group>";
		};
		161CDD612B2C7949007B80D5 /* Models */ = {
			isa = PBXGroup;
			children = (
				161CDD622B2C79E1007B80D5 /* Task.swift */,
				161CDD642B2C7A40007B80D5 /* Category.swift */,
			);
			path = Models;
			sourceTree = "<group>";
		};
		161CDD662B2C7CCE007B80D5 /* Cells */ = {
			isa = PBXGroup;
			children = (
				161CDD672B2C7CEF007B80D5 /* TaskTableViewCell.swift */,
				161CDD6B2B2CCF41007B80D5 /* TaskDescriptionableViewCell.swift */,
				161CDD6D2B2CCF5C007B80D5 /* CategoryTableViewCell.swift */,
				161CDD6F2B2CCF8B007B80D5 /* DateTableViewCell.swift */,
			);
			path = Cells;
			sourceTree = "<group>";
		};
		161CDD732B30511E007B80D5 /* Repositories */ = {
			isa = PBXGroup;
			children = (
				161CDD742B305137007B80D5 /* CategoriesRepository.swift */,
				161CDD772B30578D007B80D5 /* TaskRepository.swift */,
			);
			path = Repositories;
			sourceTree = "<group>";
		};
/* End PBXGroup section */

/* Begin PBXNativeTarget section */
		161CDD282B2C6D58007B80D5 /* POCStoryboard_AppScheduled */ = {
			isa = PBXNativeTarget;
			buildConfigurationList = 161CDD532B2C6D5A007B80D5 /* Build configuration list for PBXNativeTarget "POCStoryboard_AppScheduled" */;
			buildPhases = (
				161CDD252B2C6D58007B80D5 /* Sources */,
				161CDD262B2C6D58007B80D5 /* Frameworks */,
				161CDD272B2C6D58007B80D5 /* Resources */,
			);
			buildRules = (
			);
			dependencies = (
			);
			name = POCStoryboard_AppScheduled;
			productName = POCStoryboard_AppScheduled;
			productReference = 161CDD292B2C6D58007B80D5 /* POCStoryboard_AppScheduled.app */;
			productType = "com.apple.product-type.application";
		};
		161CDD3E2B2C6D5A007B80D5 /* POCStoryboard_AppScheduledTests */ = {
			isa = PBXNativeTarget;
			buildConfigurationList = 161CDD562B2C6D5A007B80D5 /* Build configuration list for PBXNativeTarget "POCStoryboard_AppScheduledTests" */;
			buildPhases = (
				161CDD3B2B2C6D5A007B80D5 /* Sources */,
				161CDD3C2B2C6D5A007B80D5 /* Frameworks */,
				161CDD3D2B2C6D5A007B80D5 /* Resources */,
			);
			buildRules = (
			);
			dependencies = (
				161CDD412B2C6D5A007B80D5 /* PBXTargetDependency */,
			);
			name = POCStoryboard_AppScheduledTests;
			productName = POCStoryboard_AppScheduledTests;
			productReference = 161CDD3F2B2C6D5A007B80D5 /* POCStoryboard_AppScheduledTests.xctest */;
			productType = "com.apple.product-type.bundle.unit-test";
		};
		161CDD482B2C6D5A007B80D5 /* POCStoryboard_AppScheduledUITests */ = {
			isa = PBXNativeTarget;
			buildConfigurationList = 161CDD592B2C6D5A007B80D5 /* Build configuration list for PBXNativeTarget "POCStoryboard_AppScheduledUITests" */;
			buildPhases = (
				161CDD452B2C6D5A007B80D5 /* Sources */,
				161CDD462B2C6D5A007B80D5 /* Frameworks */,
				161CDD472B2C6D5A007B80D5 /* Resources */,
			);
			buildRules = (
			);
			dependencies = (
				161CDD4B2B2C6D5A007B80D5 /* PBXTargetDependency */,
			);
			name = POCStoryboard_AppScheduledUITests;
			productName = POCStoryboard_AppScheduledUITests;
			productReference = 161CDD492B2C6D5A007B80D5 /* POCStoryboard_AppScheduledUITests.xctest */;
			productType = "com.apple.product-type.bundle.ui-testing";
		};
/* End PBXNativeTarget section */

/* Begin PBXProject section */
		161CDD212B2C6D58007B80D5 /* Project object */ = {
			isa = PBXProject;
			attributes = {
				BuildIndependentTargetsInParallel = 1;
				LastSwiftUpdateCheck = 1420;
				LastUpgradeCheck = 1420;
				TargetAttributes = {
					161CDD282B2C6D58007B80D5 = {
						CreatedOnToolsVersion = 14.2;
					};
					161CDD3E2B2C6D5A007B80D5 = {
						CreatedOnToolsVersion = 14.2;
						TestTargetID = 161CDD282B2C6D58007B80D5;
					};
					161CDD482B2C6D5A007B80D5 = {
						CreatedOnToolsVersion = 14.2;
						TestTargetID = 161CDD282B2C6D58007B80D5;
					};
				};
			};
			buildConfigurationList = 161CDD242B2C6D58007B80D5 /* Build configuration list for PBXProject "POCStoryboard_AppScheduled" */;
			compatibilityVersion = "Xcode 14.0";
			developmentRegion = en;
			hasScannedForEncodings = 0;
			knownRegions = (
				en,
				Base,
			);
			mainGroup = 161CDD202B2C6D58007B80D5;
			productRefGroup = 161CDD2A2B2C6D58007B80D5 /* Products */;
			projectDirPath = "";
			projectRoot = "";
			targets = (
				161CDD282B2C6D58007B80D5 /* POCStoryboard_AppScheduled */,
				161CDD3E2B2C6D5A007B80D5 /* POCStoryboard_AppScheduledTests */,
				161CDD482B2C6D5A007B80D5 /* POCStoryboard_AppScheduledUITests */,
			);
		};
/* End PBXProject section */

/* Begin PBXResourcesBuildPhase section */
		161CDD272B2C6D58007B80D5 /* Resources */ = {
			isa = PBXResourcesBuildPhase;
			buildActionMask = 2147483647;
			files = (
				161CDD392B2C6D59007B80D5 /* LaunchScreen.storyboard in Resources */,
				161CDD362B2C6D59007B80D5 /* Assets.xcassets in Resources */,
				161CDD342B2C6D58007B80D5 /* Main.storyboard in Resources */,
			);
			runOnlyForDeploymentPostprocessing = 0;
		};
		161CDD3D2B2C6D5A007B80D5 /* Resources */ = {
			isa = PBXResourcesBuildPhase;
			buildActionMask = 2147483647;
			files = (
			);
			runOnlyForDeploymentPostprocessing = 0;
		};
		161CDD472B2C6D5A007B80D5 /* Resources */ = {
			isa = PBXResourcesBuildPhase;
			buildActionMask = 2147483647;
			files = (
			);
			runOnlyForDeploymentPostprocessing = 0;
		};
/* End PBXResourcesBuildPhase section */

/* Begin PBXSourcesBuildPhase section */
		161CDD252B2C6D58007B80D5 /* Sources */ = {
			isa = PBXSourcesBuildPhase;
			buildActionMask = 2147483647;
			files = (
				161CDD632B2C79E1007B80D5 /* Task.swift in Sources */,
				161CDD652B2C7A40007B80D5 /* Category.swift in Sources */,
				161CDD682B2C7CEF007B80D5 /* TaskTableViewCell.swift in Sources */,
				161CDD752B305137007B80D5 /* CategoriesRepository.swift in Sources */,
				161CDD602B2C6EC6007B80D5 /* TasksTableViewController.swift in Sources */,
				161CDD2D2B2C6D58007B80D5 /* AppDelegate.swift in Sources */,
				161CDD702B2CCF8B007B80D5 /* DateTableViewCell.swift in Sources */,
				161CDD2F2B2C6D58007B80D5 /* SceneDelegate.swift in Sources */,
				161CDD722B3050A5007B80D5 /* ChooseCategoryTableViewController.swift in Sources */,
				161CDD782B30578D007B80D5 /* TaskRepository.swift in Sources */,
				161CDD6C2B2CCF41007B80D5 /* TaskDescriptionableViewCell.swift in Sources */,
				161CDD6A2B2CCCAF007B80D5 /* CreateTaskTableViewController.swift in Sources */,
				161CDD6E2B2CCF5C007B80D5 /* CategoryTableViewCell.swift in Sources */,
			);
			runOnlyForDeploymentPostprocessing = 0;
		};
		161CDD3B2B2C6D5A007B80D5 /* Sources */ = {
			isa = PBXSourcesBuildPhase;
			buildActionMask = 2147483647;
			files = (
				161CDD442B2C6D5A007B80D5 /* POCStoryboard_AppScheduledTests.swift in Sources */,
			);
			runOnlyForDeploymentPostprocessing = 0;
		};
		161CDD452B2C6D5A007B80D5 /* Sources */ = {
			isa = PBXSourcesBuildPhase;
			buildActionMask = 2147483647;
			files = (
				161CDD502B2C6D5A007B80D5 /* POCStoryboard_AppScheduledUITestsLaunchTests.swift in Sources */,
				161CDD4E2B2C6D5A007B80D5 /* POCStoryboard_AppScheduledUITests.swift in Sources */,
			);
			runOnlyForDeploymentPostprocessing = 0;
		};
/* End PBXSourcesBuildPhase section */

/* Begin PBXTargetDependency section */
		161CDD412B2C6D5A007B80D5 /* PBXTargetDependency */ = {
			isa = PBXTargetDependency;
			target = 161CDD282B2C6D58007B80D5 /* POCStoryboard_AppScheduled */;
			targetProxy = 161CDD402B2C6D5A007B80D5 /* PBXContainerItemProxy */;
		};
		161CDD4B2B2C6D5A007B80D5 /* PBXTargetDependency */ = {
			isa = PBXTargetDependency;
			target = 161CDD282B2C6D58007B80D5 /* POCStoryboard_AppScheduled */;
			targetProxy = 161CDD4A2B2C6D5A007B80D5 /* PBXContainerItemProxy */;
		};
/* End PBXTargetDependency section */

/* Begin PBXVariantGroup section */
		161CDD322B2C6D58007B80D5 /* Main.storyboard */ = {
			isa = PBXVariantGroup;
			children = (
				161CDD332B2C6D58007B80D5 /* Base */,
			);
			name = Main.storyboard;
			sourceTree = "<group>";
		};
		161CDD372B2C6D59007B80D5 /* LaunchScreen.storyboard */ = {
			isa = PBXVariantGroup;
			children = (
				161CDD382B2C6D59007B80D5 /* Base */,
			);
			name = LaunchScreen.storyboard;
			sourceTree = "<group>";
		};
/* End PBXVariantGroup section */

/* Begin XCBuildConfiguration section */
		161CDD512B2C6D5A007B80D5 /* Debug */ = {
			isa = XCBuildConfiguration;
			buildSettings = {
				ALWAYS_SEARCH_USER_PATHS = NO;
				CLANG_ANALYZER_NONNULL = YES;
				CLANG_ANALYZER_NUMBER_OBJECT_CONVERSION = YES_AGGRESSIVE;
				CLANG_CXX_LANGUAGE_STANDARD = "gnu++20";
				CLANG_ENABLE_MODULES = YES;
				CLANG_ENABLE_OBJC_ARC = YES;
				CLANG_ENABLE_OBJC_WEAK = YES;
				CLANG_WARN_BLOCK_CAPTURE_AUTORELEASING = YES;
				CLANG_WARN_BOOL_CONVERSION = YES;
				CLANG_WARN_COMMA = YES;
				CLANG_WARN_CONSTANT_CONVERSION = YES;
				CLANG_WARN_DEPRECATED_OBJC_IMPLEMENTATIONS = YES;
				CLANG_WARN_DIRECT_OBJC_ISA_USAGE = YES_ERROR;
				CLANG_WARN_DOCUMENTATION_COMMENTS = YES;
				CLANG_WARN_EMPTY_BODY = YES;
				CLANG_WARN_ENUM_CONVERSION = YES;
				CLANG_WARN_INFINITE_RECURSION = YES;
				CLANG_WARN_INT_CONVERSION = YES;
				CLANG_WARN_NON_LITERAL_NULL_CONVERSION = YES;
				CLANG_WARN_OBJC_IMPLICIT_RETAIN_SELF = YES;
				CLANG_WARN_OBJC_LITERAL_CONVERSION = YES;
				CLANG_WARN_OBJC_ROOT_CLASS = YES_ERROR;
				CLANG_WARN_QUOTED_INCLUDE_IN_FRAMEWORK_HEADER = YES;
				CLANG_WARN_RANGE_LOOP_ANALYSIS = YES;
				CLANG_WARN_STRICT_PROTOTYPES = YES;
				CLANG_WARN_SUSPICIOUS_MOVE = YES;
				CLANG_WARN_UNGUARDED_AVAILABILITY = YES_AGGRESSIVE;
				CLANG_WARN_UNREACHABLE_CODE = YES;
				CLANG_WARN__DUPLICATE_METHOD_MATCH = YES;
				COPY_PHASE_STRIP = NO;
				DEBUG_INFORMATION_FORMAT = dwarf;
				ENABLE_STRICT_OBJC_MSGSEND = YES;
				ENABLE_TESTABILITY = YES;
				GCC_C_LANGUAGE_STANDARD = gnu11;
				GCC_DYNAMIC_NO_PIC = NO;
				GCC_NO_COMMON_BLOCKS = YES;
				GCC_OPTIMIZATION_LEVEL = 0;
				GCC_PREPROCESSOR_DEFINITIONS = (
					"DEBUG=1",
					"$(inherited)",
				);
				GCC_WARN_64_TO_32_BIT_CONVERSION = YES;
				GCC_WARN_ABOUT_RETURN_TYPE = YES_ERROR;
				GCC_WARN_UNDECLARED_SELECTOR = YES;
				GCC_WARN_UNINITIALIZED_AUTOS = YES_AGGRESSIVE;
				GCC_WARN_UNUSED_FUNCTION = YES;
				GCC_WARN_UNUSED_VARIABLE = YES;
				IPHONEOS_DEPLOYMENT_TARGET = 16.2;
				MTL_ENABLE_DEBUG_INFO = INCLUDE_SOURCE;
				MTL_FAST_MATH = YES;
				ONLY_ACTIVE_ARCH = YES;
				SDKROOT = iphoneos;
				SWIFT_ACTIVE_COMPILATION_CONDITIONS = DEBUG;
				SWIFT_OPTIMIZATION_LEVEL = "-Onone";
			};
			name = Debug;
		};
		161CDD522B2C6D5A007B80D5 /* Release */ = {
			isa = XCBuildConfiguration;
			buildSettings = {
				ALWAYS_SEARCH_USER_PATHS = NO;
				CLANG_ANALYZER_NONNULL = YES;
				CLANG_ANALYZER_NUMBER_OBJECT_CONVERSION = YES_AGGRESSIVE;
				CLANG_CXX_LANGUAGE_STANDARD = "gnu++20";
				CLANG_ENABLE_MODULES = YES;
				CLANG_ENABLE_OBJC_ARC = YES;
				CLANG_ENABLE_OBJC_WEAK = YES;
				CLANG_WARN_BLOCK_CAPTURE_AUTORELEASING = YES;
				CLANG_WARN_BOOL_CONVERSION = YES;
				CLANG_WARN_COMMA = YES;
				CLANG_WARN_CONSTANT_CONVERSION = YES;
				CLANG_WARN_DEPRECATED_OBJC_IMPLEMENTATIONS = YES;
				CLANG_WARN_DIRECT_OBJC_ISA_USAGE = YES_ERROR;
				CLANG_WARN_DOCUMENTATION_COMMENTS = YES;
				CLANG_WARN_EMPTY_BODY = YES;
				CLANG_WARN_ENUM_CONVERSION = YES;
				CLANG_WARN_INFINITE_RECURSION = YES;
				CLANG_WARN_INT_CONVERSION = YES;
				CLANG_WARN_NON_LITERAL_NULL_CONVERSION = YES;
				CLANG_WARN_OBJC_IMPLICIT_RETAIN_SELF = YES;
				CLANG_WARN_OBJC_LITERAL_CONVERSION = YES;
				CLANG_WARN_OBJC_ROOT_CLASS = YES_ERROR;
				CLANG_WARN_QUOTED_INCLUDE_IN_FRAMEWORK_HEADER = YES;
				CLANG_WARN_RANGE_LOOP_ANALYSIS = YES;
				CLANG_WARN_STRICT_PROTOTYPES = YES;
				CLANG_WARN_SUSPICIOUS_MOVE = YES;
				CLANG_WARN_UNGUARDED_AVAILABILITY = YES_AGGRESSIVE;
				CLANG_WARN_UNREACHABLE_CODE = YES;
				CLANG_WARN__DUPLICATE_METHOD_MATCH = YES;
				COPY_PHASE_STRIP = NO;
				DEBUG_INFORMATION_FORMAT = "dwarf-with-dsym";
				ENABLE_NS_ASSERTIONS = NO;
				ENABLE_STRICT_OBJC_MSGSEND = YES;
				GCC_C_LANGUAGE_STANDARD = gnu11;
				GCC_NO_COMMON_BLOCKS = YES;
				GCC_WARN_64_TO_32_BIT_CONVERSION = YES;
				GCC_WARN_ABOUT_RETURN_TYPE = YES_ERROR;
				GCC_WARN_UNDECLARED_SELECTOR = YES;
				GCC_WARN_UNINITIALIZED_AUTOS = YES_AGGRESSIVE;
				GCC_WARN_UNUSED_FUNCTION = YES;
				GCC_WARN_UNUSED_VARIABLE = YES;
				IPHONEOS_DEPLOYMENT_TARGET = 16.2;
				MTL_ENABLE_DEBUG_INFO = NO;
				MTL_FAST_MATH = YES;
				SDKROOT = iphoneos;
				SWIFT_COMPILATION_MODE = wholemodule;
				SWIFT_OPTIMIZATION_LEVEL = "-O";
				VALIDATE_PRODUCT = YES;
			};
			name = Release;
		};
		161CDD542B2C6D5A007B80D5 /* Debug */ = {
			isa = XCBuildConfiguration;
			buildSettings = {
				ASSETCATALOG_COMPILER_APPICON_NAME = AppIcon;
				ASSETCATALOG_COMPILER_GLOBAL_ACCENT_COLOR_NAME = AccentColor;
				CODE_SIGN_STYLE = Automatic;
				CURRENT_PROJECT_VERSION = 1;
				GENERATE_INFOPLIST_FILE = YES;
				INFOPLIST_FILE = POCStoryboard_AppScheduled/Info.plist;
				INFOPLIST_KEY_UIApplicationSupportsIndirectInputEvents = YES;
				INFOPLIST_KEY_UILaunchStoryboardName = LaunchScreen;
				INFOPLIST_KEY_UIMainStoryboardFile = Main;
				INFOPLIST_KEY_UISupportedInterfaceOrientations_iPad = "UIInterfaceOrientationPortrait UIInterfaceOrientationPortraitUpsideDown UIInterfaceOrientationLandscapeLeft UIInterfaceOrientationLandscapeRight";
				INFOPLIST_KEY_UISupportedInterfaceOrientations_iPhone = "UIInterfaceOrientationPortrait UIInterfaceOrientationLandscapeLeft UIInterfaceOrientationLandscapeRight";
				LD_RUNPATH_SEARCH_PATHS = (
					"$(inherited)",
					"@executable_path/Frameworks",
				);
				MARKETING_VERSION = 1.0;
				PRODUCT_BUNDLE_IDENTIFIER = "morona.POCStoryboard-AppScheduled";
				PRODUCT_NAME = "$(TARGET_NAME)";
				SWIFT_EMIT_LOC_STRINGS = YES;
				SWIFT_VERSION = 5.0;
				TARGETED_DEVICE_FAMILY = "1,2";
			};
			name = Debug;
		};
		161CDD552B2C6D5A007B80D5 /* Release */ = {
			isa = XCBuildConfiguration;
			buildSettings = {
				ASSETCATALOG_COMPILER_APPICON_NAME = AppIcon;
				ASSETCATALOG_COMPILER_GLOBAL_ACCENT_COLOR_NAME = AccentColor;
				CODE_SIGN_STYLE = Automatic;
				CURRENT_PROJECT_VERSION = 1;
				GENERATE_INFOPLIST_FILE = YES;
				INFOPLIST_FILE = POCStoryboard_AppScheduled/Info.plist;
				INFOPLIST_KEY_UIApplicationSupportsIndirectInputEvents = YES;
				INFOPLIST_KEY_UILaunchStoryboardName = LaunchScreen;
				INFOPLIST_KEY_UIMainStoryboardFile = Main;
				INFOPLIST_KEY_UISupportedInterfaceOrientations_iPad = "UIInterfaceOrientationPortrait UIInterfaceOrientationPortraitUpsideDown UIInterfaceOrientationLandscapeLeft UIInterfaceOrientationLandscapeRight";
				INFOPLIST_KEY_UISupportedInterfaceOrientations_iPhone = "UIInterfaceOrientationPortrait UIInterfaceOrientationLandscapeLeft UIInterfaceOrientationLandscapeRight";
				LD_RUNPATH_SEARCH_PATHS = (
					"$(inherited)",
					"@executable_path/Frameworks",
				);
				MARKETING_VERSION = 1.0;
				PRODUCT_BUNDLE_IDENTIFIER = "morona.POCStoryboard-AppScheduled";
				PRODUCT_NAME = "$(TARGET_NAME)";
				SWIFT_EMIT_LOC_STRINGS = YES;
				SWIFT_VERSION = 5.0;
				TARGETED_DEVICE_FAMILY = "1,2";
			};
			name = Release;
		};
		161CDD572B2C6D5A007B80D5 /* Debug */ = {
			isa = XCBuildConfiguration;
			buildSettings = {
				ALWAYS_EMBED_SWIFT_STANDARD_LIBRARIES = YES;
				BUNDLE_LOADER = "$(TEST_HOST)";
				CODE_SIGN_STYLE = Automatic;
				CURRENT_PROJECT_VERSION = 1;
				GENERATE_INFOPLIST_FILE = YES;
				IPHONEOS_DEPLOYMENT_TARGET = 16.2;
				MARKETING_VERSION = 1.0;
				PRODUCT_BUNDLE_IDENTIFIER = "morona.POCStoryboard-AppScheduledTests";
				PRODUCT_NAME = "$(TARGET_NAME)";
				SWIFT_EMIT_LOC_STRINGS = NO;
				SWIFT_VERSION = 5.0;
				TARGETED_DEVICE_FAMILY = "1,2";
				TEST_HOST = "$(BUILT_PRODUCTS_DIR)/POCStoryboard_AppScheduled.app/$(BUNDLE_EXECUTABLE_FOLDER_PATH)/POCStoryboard_AppScheduled";
			};
			name = Debug;
		};
		161CDD582B2C6D5A007B80D5 /* Release */ = {
			isa = XCBuildConfiguration;
			buildSettings = {
				ALWAYS_EMBED_SWIFT_STANDARD_LIBRARIES = YES;
				BUNDLE_LOADER = "$(TEST_HOST)";
				CODE_SIGN_STYLE = Automatic;
				CURRENT_PROJECT_VERSION = 1;
				GENERATE_INFOPLIST_FILE = YES;
				IPHONEOS_DEPLOYMENT_TARGET = 16.2;
				MARKETING_VERSION = 1.0;
				PRODUCT_BUNDLE_IDENTIFIER = "morona.POCStoryboard-AppScheduledTests";
				PRODUCT_NAME = "$(TARGET_NAME)";
				SWIFT_EMIT_LOC_STRINGS = NO;
				SWIFT_VERSION = 5.0;
				TARGETED_DEVICE_FAMILY = "1,2";
				TEST_HOST = "$(BUILT_PRODUCTS_DIR)/POCStoryboard_AppScheduled.app/$(BUNDLE_EXECUTABLE_FOLDER_PATH)/POCStoryboard_AppScheduled";
			};
			name = Release;
		};
		161CDD5A2B2C6D5A007B80D5 /* Debug */ = {
			isa = XCBuildConfiguration;
			buildSettings = {
				ALWAYS_EMBED_SWIFT_STANDARD_LIBRARIES = YES;
				CODE_SIGN_STYLE = Automatic;
				CURRENT_PROJECT_VERSION = 1;
				GENERATE_INFOPLIST_FILE = YES;
				MARKETING_VERSION = 1.0;
				PRODUCT_BUNDLE_IDENTIFIER = "morona.POCStoryboard-AppScheduledUITests";
				PRODUCT_NAME = "$(TARGET_NAME)";
				SWIFT_EMIT_LOC_STRINGS = NO;
				SWIFT_VERSION = 5.0;
				TARGETED_DEVICE_FAMILY = "1,2";
				TEST_TARGET_NAME = POCStoryboard_AppScheduled;
			};
			name = Debug;
		};
		161CDD5B2B2C6D5A007B80D5 /* Release */ = {
			isa = XCBuildConfiguration;
			buildSettings = {
				ALWAYS_EMBED_SWIFT_STANDARD_LIBRARIES = YES;
				CODE_SIGN_STYLE = Automatic;
				CURRENT_PROJECT_VERSION = 1;
				GENERATE_INFOPLIST_FILE = YES;
				MARKETING_VERSION = 1.0;
				PRODUCT_BUNDLE_IDENTIFIER = "morona.POCStoryboard-AppScheduledUITests";
				PRODUCT_NAME = "$(TARGET_NAME)";
				SWIFT_EMIT_LOC_STRINGS = NO;
				SWIFT_VERSION = 5.0;
				TARGETED_DEVICE_FAMILY = "1,2";
				TEST_TARGET_NAME = POCStoryboard_AppScheduled;
			};
			name = Release;
		};
/* End XCBuildConfiguration section */

/* Begin XCConfigurationList section */
		161CDD242B2C6D58007B80D5 /* Build configuration list for PBXProject "POCStoryboard_AppScheduled" */ = {
			isa = XCConfigurationList;
			buildConfigurations = (
				161CDD512B2C6D5A007B80D5 /* Debug */,
				161CDD522B2C6D5A007B80D5 /* Release */,
			);
			defaultConfigurationIsVisible = 0;
			defaultConfigurationName = Release;
		};
		161CDD532B2C6D5A007B80D5 /* Build configuration list for PBXNativeTarget "POCStoryboard_AppScheduled" */ = {
			isa = XCConfigurationList;
			buildConfigurations = (
				161CDD542B2C6D5A007B80D5 /* Debug */,
				161CDD552B2C6D5A007B80D5 /* Release */,
			);
			defaultConfigurationIsVisible = 0;
			defaultConfigurationName = Release;
		};
		161CDD562B2C6D5A007B80D5 /* Build configuration list for PBXNativeTarget "POCStoryboard_AppScheduledTests" */ = {
			isa = XCConfigurationList;
			buildConfigurations = (
				161CDD572B2C6D5A007B80D5 /* Debug */,
				161CDD582B2C6D5A007B80D5 /* Release */,
			);
			defaultConfigurationIsVisible = 0;
			defaultConfigurationName = Release;
		};
		161CDD592B2C6D5A007B80D5 /* Build configuration list for PBXNativeTarget "POCStoryboard_AppScheduledUITests" */ = {
			isa = XCConfigurationList;
			buildConfigurations = (
				161CDD5A2B2C6D5A007B80D5 /* Debug */,
				161CDD5B2B2C6D5A007B80D5 /* Release */,
			);
			defaultConfigurationIsVisible = 0;
			defaultConfigurationName = Release;
		};
/* End XCConfigurationList section */
	};
	rootObject = 161CDD212B2C6D58007B80D5 /* Project object */;
}
