// !$*UTF8*$!
{
	archiveVersion = 1;
	classes = {
	};
	objectVersion = 56;
	objects = {

/* Begin PBXBuildFile section */
		161CDD862B3069FC007B80D5 /* AppDelegate.swift in Sources */ = {isa = PBXBuildFile; fileRef = 161CDD852B3069FC007B80D5 /* AppDelegate.swift */; };
		161CDD882B3069FC007B80D5 /* SceneDelegate.swift in Sources */ = {isa = PBXBuildFile; fileRef = 161CDD872B3069FC007B80D5 /* SceneDelegate.swift */; };
		161CDD8A2B3069FC007B80D5 /* ViewController.swift in Sources */ = {isa = PBXBuildFile; fileRef = 161CDD892B3069FC007B80D5 /* ViewController.swift */; };
		161CDD8D2B3069FC007B80D5 /* Main.storyboard in Resources */ = {isa = PBXBuildFile; fileRef = 161CDD8B2B3069FC007B80D5 /* Main.storyboard */; };
		161CDD8F2B3069FE007B80D5 /* Assets.xcassets in Resources */ = {isa = PBXBuildFile; fileRef = 161CDD8E2B3069FE007B80D5 /* Assets.xcassets */; };
		161CDD922B3069FE007B80D5 /* LaunchScreen.storyboard in Resources */ = {isa = PBXBuildFile; fileRef = 161CDD902B3069FE007B80D5 /* LaunchScreen.storyboard */; };
		161CDD9D2B3069FE007B80D5 /* POC_GeolocationTests.swift in Sources */ = {isa = PBXBuildFile; fileRef = 161CDD9C2B3069FE007B80D5 /* POC_GeolocationTests.swift */; };
		161CDDA72B3069FE007B80D5 /* POC_GeolocationUITests.swift in Sources */ = {isa = PBXBuildFile; fileRef = 161CDDA62B3069FE007B80D5 /* POC_GeolocationUITests.swift */; };
		161CDDA92B3069FE007B80D5 /* POC_GeolocationUITestsLaunchTests.swift in Sources */ = {isa = PBXBuildFile; fileRef = 161CDDA82B3069FE007B80D5 /* POC_GeolocationUITestsLaunchTests.swift */; };
		161CDDB72B306D91007B80D5 /* MapViewController.swift in Sources */ = {isa = PBXBuildFile; fileRef = 161CDDB62B306D91007B80D5 /* MapViewController.swift */; };
		161CDDBA2B309044007B80D5 /* Address.swift in Sources */ = {isa = PBXBuildFile; fileRef = 161CDDB92B309044007B80D5 /* Address.swift */; };
		161CDDBC2B30919B007B80D5 /* AddressesTableViewController.swift in Sources */ = {isa = PBXBuildFile; fileRef = 161CDDBB2B30919B007B80D5 /* AddressesTableViewController.swift */; };
/* End PBXBuildFile section */

/* Begin PBXContainerItemProxy section */
		161CDD992B3069FE007B80D5 /* PBXContainerItemProxy */ = {
			isa = PBXContainerItemProxy;
			containerPortal = 161CDD7A2B3069FC007B80D5 /* Project object */;
			proxyType = 1;
			remoteGlobalIDString = 161CDD812B3069FC007B80D5;
			remoteInfo = POC_Geolocation;
		};
		161CDDA32B3069FE007B80D5 /* PBXContainerItemProxy */ = {
			isa = PBXContainerItemProxy;
			containerPortal = 161CDD7A2B3069FC007B80D5 /* Project object */;
			proxyType = 1;
			remoteGlobalIDString = 161CDD812B3069FC007B80D5;
			remoteInfo = POC_Geolocation;
		};
/* End PBXContainerItemProxy section */

/* Begin PBXFileReference section */
		161CDD822B3069FC007B80D5 /* POC_Geolocation.app */ = {isa = PBXFileReference; explicitFileType = wrapper.application; includeInIndex = 0; path = POC_Geolocation.app; sourceTree = BUILT_PRODUCTS_DIR; };
		161CDD852B3069FC007B80D5 /* AppDelegate.swift */ = {isa = PBXFileReference; lastKnownFileType = sourcecode.swift; path = AppDelegate.swift; sourceTree = "<group>"; };
		161CDD872B3069FC007B80D5 /* SceneDelegate.swift */ = {isa = PBXFileReference; lastKnownFileType = sourcecode.swift; path = SceneDelegate.swift; sourceTree = "<group>"; };
		161CDD892B3069FC007B80D5 /* ViewController.swift */ = {isa = PBXFileReference; lastKnownFileType = sourcecode.swift; path = ViewController.swift; sourceTree = "<group>"; };
		161CDD8C2B3069FC007B80D5 /* Base */ = {isa = PBXFileReference; lastKnownFileType = file.storyboard; name = Base; path = Base.lproj/Main.storyboard; sourceTree = "<group>"; };
		161CDD8E2B3069FE007B80D5 /* Assets.xcassets */ = {isa = PBXFileReference; lastKnownFileType = folder.assetcatalog; path = Assets.xcassets; sourceTree = "<group>"; };
		161CDD912B3069FE007B80D5 /* Base */ = {isa = PBXFileReference; lastKnownFileType = file.storyboard; name = Base; path = Base.lproj/LaunchScreen.storyboard; sourceTree = "<group>"; };
		161CDD932B3069FE007B80D5 /* Info.plist */ = {isa = PBXFileReference; lastKnownFileType = text.plist.xml; path = Info.plist; sourceTree = "<group>"; };
		161CDD982B3069FE007B80D5 /* POC_GeolocationTests.xctest */ = {isa = PBXFileReference; explicitFileType = wrapper.cfbundle; includeInIndex = 0; path = POC_GeolocationTests.xctest; sourceTree = BUILT_PRODUCTS_DIR; };
		161CDD9C2B3069FE007B80D5 /* POC_GeolocationTests.swift */ = {isa = PBXFileReference; lastKnownFileType = sourcecode.swift; path = POC_GeolocationTests.swift; sourceTree = "<group>"; };
		161CDDA22B3069FE007B80D5 /* POC_GeolocationUITests.xctest */ = {isa = PBXFileReference; explicitFileType = wrapper.cfbundle; includeInIndex = 0; path = POC_GeolocationUITests.xctest; sourceTree = BUILT_PRODUCTS_DIR; };
		161CDDA62B3069FE007B80D5 /* POC_GeolocationUITests.swift */ = {isa = PBXFileReference; lastKnownFileType = sourcecode.swift; path = POC_GeolocationUITests.swift; sourceTree = "<group>"; };
		161CDDA82B3069FE007B80D5 /* POC_GeolocationUITestsLaunchTests.swift */ = {isa = PBXFileReference; lastKnownFileType = sourcecode.swift; path = POC_GeolocationUITestsLaunchTests.swift; sourceTree = "<group>"; };
		161CDDB62B306D91007B80D5 /* MapViewController.swift */ = {isa = PBXFileReference; lastKnownFileType = sourcecode.swift; path = MapViewController.swift; sourceTree = "<group>"; };
		161CDDB92B309044007B80D5 /* Address.swift */ = {isa = PBXFileReference; lastKnownFileType = sourcecode.swift; path = Address.swift; sourceTree = "<group>"; };
		161CDDBB2B30919B007B80D5 /* AddressesTableViewController.swift */ = {isa = PBXFileReference; lastKnownFileType = sourcecode.swift; path = AddressesTableViewController.swift; sourceTree = "<group>"; };
/* End PBXFileReference section */

/* Begin PBXFrameworksBuildPhase section */
		161CDD7F2B3069FC007B80D5 /* Frameworks */ = {
			isa = PBXFrameworksBuildPhase;
			buildActionMask = 2147483647;
			files = (
			);
			runOnlyForDeploymentPostprocessing = 0;
		};
		161CDD952B3069FE007B80D5 /* Frameworks */ = {
			isa = PBXFrameworksBuildPhase;
			buildActionMask = 2147483647;
			files = (
			);
			runOnlyForDeploymentPostprocessing = 0;
		};
		161CDD9F2B3069FE007B80D5 /* Frameworks */ = {
			isa = PBXFrameworksBuildPhase;
			buildActionMask = 2147483647;
			files = (
			);
			runOnlyForDeploymentPostprocessing = 0;
		};
/* End PBXFrameworksBuildPhase section */

/* Begin PBXGroup section */
		161CDD792B3069FC007B80D5 = {
			isa = PBXGroup;
			children = (
				161CDD842B3069FC007B80D5 /* POC_Geolocation */,
				161CDD9B2B3069FE007B80D5 /* POC_GeolocationTests */,
				161CDDA52B3069FE007B80D5 /* POC_GeolocationUITests */,
				161CDD832B3069FC007B80D5 /* Products */,
			);
			sourceTree = "<group>";
		};
		161CDD832B3069FC007B80D5 /* Products */ = {
			isa = PBXGroup;
			children = (
				161CDD822B3069FC007B80D5 /* POC_Geolocation.app */,
				161CDD982B3069FE007B80D5 /* POC_GeolocationTests.xctest */,
				161CDDA22B3069FE007B80D5 /* POC_GeolocationUITests.xctest */,
			);
			name = Products;
			sourceTree = "<group>";
		};
		161CDD842B3069FC007B80D5 /* POC_Geolocation */ = {
			isa = PBXGroup;
			children = (
				161CDDB82B30903A007B80D5 /* Models */,
				161CDDB52B306BFC007B80D5 /* Controllers */,
				161CDD852B3069FC007B80D5 /* AppDelegate.swift */,
				161CDD872B3069FC007B80D5 /* SceneDelegate.swift */,
				161CDD8B2B3069FC007B80D5 /* Main.storyboard */,
				161CDD8E2B3069FE007B80D5 /* Assets.xcassets */,
				161CDD902B3069FE007B80D5 /* LaunchScreen.storyboard */,
				161CDD932B3069FE007B80D5 /* Info.plist */,
			);
			path = POC_Geolocation;
			sourceTree = "<group>";
		};
		161CDD9B2B3069FE007B80D5 /* POC_GeolocationTests */ = {
			isa = PBXGroup;
			children = (
				161CDD9C2B3069FE007B80D5 /* POC_GeolocationTests.swift */,
			);
			path = POC_GeolocationTests;
			sourceTree = "<group>";
		};
		161CDDA52B3069FE007B80D5 /* POC_GeolocationUITests */ = {
			isa = PBXGroup;
			children = (
				161CDDA62B3069FE007B80D5 /* POC_GeolocationUITests.swift */,
				161CDDA82B3069FE007B80D5 /* POC_GeolocationUITestsLaunchTests.swift */,
			);
			path = POC_GeolocationUITests;
			sourceTree = "<group>";
		};
		161CDDB52B306BFC007B80D5 /* Controllers */ = {
			isa = PBXGroup;
			children = (
				161CDD892B3069FC007B80D5 /* ViewController.swift */,
				161CDDB62B306D91007B80D5 /* MapViewController.swift */,
				161CDDBB2B30919B007B80D5 /* AddressesTableViewController.swift */,
			);
			path = Controllers;
			sourceTree = "<group>";
		};
		161CDDB82B30903A007B80D5 /* Models */ = {
			isa = PBXGroup;
			children = (
				161CDDB92B309044007B80D5 /* Address.swift */,
			);
			path = Models;
			sourceTree = "<group>";
		};
/* End PBXGroup section */

/* Begin PBXNativeTarget section */
		161CDD812B3069FC007B80D5 /* POC_Geolocation */ = {
			isa = PBXNativeTarget;
			buildConfigurationList = 161CDDAC2B3069FE007B80D5 /* Build configuration list for PBXNativeTarget "POC_Geolocation" */;
			buildPhases = (
				161CDD7E2B3069FC007B80D5 /* Sources */,
				161CDD7F2B3069FC007B80D5 /* Frameworks */,
				161CDD802B3069FC007B80D5 /* Resources */,
			);
			buildRules = (
			);
			dependencies = (
			);
			name = POC_Geolocation;
			productName = POC_Geolocation;
			productReference = 161CDD822B3069FC007B80D5 /* POC_Geolocation.app */;
			productType = "com.apple.product-type.application";
		};
		161CDD972B3069FE007B80D5 /* POC_GeolocationTests */ = {
			isa = PBXNativeTarget;
			buildConfigurationList = 161CDDAF2B3069FE007B80D5 /* Build configuration list for PBXNativeTarget "POC_GeolocationTests" */;
			buildPhases = (
				161CDD942B3069FE007B80D5 /* Sources */,
				161CDD952B3069FE007B80D5 /* Frameworks */,
				161CDD962B3069FE007B80D5 /* Resources */,
			);
			buildRules = (
			);
			dependencies = (
				161CDD9A2B3069FE007B80D5 /* PBXTargetDependency */,
			);
			name = POC_GeolocationTests;
			productName = POC_GeolocationTests;
			productReference = 161CDD982B3069FE007B80D5 /* POC_GeolocationTests.xctest */;
			productType = "com.apple.product-type.bundle.unit-test";
		};
		161CDDA12B3069FE007B80D5 /* POC_GeolocationUITests */ = {
			isa = PBXNativeTarget;
			buildConfigurationList = 161CDDB22B3069FE007B80D5 /* Build configuration list for PBXNativeTarget "POC_GeolocationUITests" */;
			buildPhases = (
				161CDD9E2B3069FE007B80D5 /* Sources */,
				161CDD9F2B3069FE007B80D5 /* Frameworks */,
				161CDDA02B3069FE007B80D5 /* Resources */,
			);
			buildRules = (
			);
			dependencies = (
				161CDDA42B3069FE007B80D5 /* PBXTargetDependency */,
			);
			name = POC_GeolocationUITests;
			productName = POC_GeolocationUITests;
			productReference = 161CDDA22B3069FE007B80D5 /* POC_GeolocationUITests.xctest */;
			productType = "com.apple.product-type.bundle.ui-testing";
		};
/* End PBXNativeTarget section */

/* Begin PBXProject section */
		161CDD7A2B3069FC007B80D5 /* Project object */ = {
			isa = PBXProject;
			attributes = {
				BuildIndependentTargetsInParallel = 1;
				LastSwiftUpdateCheck = 1420;
				LastUpgradeCheck = 1420;
				TargetAttributes = {
					161CDD812B3069FC007B80D5 = {
						CreatedOnToolsVersion = 14.2;
					};
					161CDD972B3069FE007B80D5 = {
						CreatedOnToolsVersion = 14.2;
						TestTargetID = 161CDD812B3069FC007B80D5;
					};
					161CDDA12B3069FE007B80D5 = {
						CreatedOnToolsVersion = 14.2;
						TestTargetID = 161CDD812B3069FC007B80D5;
					};
				};
			};
			buildConfigurationList = 161CDD7D2B3069FC007B80D5 /* Build configuration list for PBXProject "POC_Geolocation" */;
			compatibilityVersion = "Xcode 14.0";
			developmentRegion = en;
			hasScannedForEncodings = 0;
			knownRegions = (
				en,
				Base,
			);
			mainGroup = 161CDD792B3069FC007B80D5;
			productRefGroup = 161CDD832B3069FC007B80D5 /* Products */;
			projectDirPath = "";
			projectRoot = "";
			targets = (
				161CDD812B3069FC007B80D5 /* POC_Geolocation */,
				161CDD972B3069FE007B80D5 /* POC_GeolocationTests */,
				161CDDA12B3069FE007B80D5 /* POC_GeolocationUITests */,
			);
		};
/* End PBXProject section */

/* Begin PBXResourcesBuildPhase section */
		161CDD802B3069FC007B80D5 /* Resources */ = {
			isa = PBXResourcesBuildPhase;
			buildActionMask = 2147483647;
			files = (
				161CDD922B3069FE007B80D5 /* LaunchScreen.storyboard in Resources */,
				161CDD8F2B3069FE007B80D5 /* Assets.xcassets in Resources */,
				161CDD8D2B3069FC007B80D5 /* Main.storyboard in Resources */,
			);
			runOnlyForDeploymentPostprocessing = 0;
		};
		161CDD962B3069FE007B80D5 /* Resources */ = {
			isa = PBXResourcesBuildPhase;
			buildActionMask = 2147483647;
			files = (
			);
			runOnlyForDeploymentPostprocessing = 0;
		};
		161CDDA02B3069FE007B80D5 /* Resources */ = {
			isa = PBXResourcesBuildPhase;
			buildActionMask = 2147483647;
			files = (
			);
			runOnlyForDeploymentPostprocessing = 0;
		};
/* End PBXResourcesBuildPhase section */

/* Begin PBXSourcesBuildPhase section */
		161CDD7E2B3069FC007B80D5 /* Sources */ = {
			isa = PBXSourcesBuildPhase;
			buildActionMask = 2147483647;
			files = (
				161CDDBC2B30919B007B80D5 /* AddressesTableViewController.swift in Sources */,
				161CDD8A2B3069FC007B80D5 /* ViewController.swift in Sources */,
				161CDD862B3069FC007B80D5 /* AppDelegate.swift in Sources */,
				161CDD882B3069FC007B80D5 /* SceneDelegate.swift in Sources */,
				161CDDB72B306D91007B80D5 /* MapViewController.swift in Sources */,
				161CDDBA2B309044007B80D5 /* Address.swift in Sources */,
			);
			runOnlyForDeploymentPostprocessing = 0;
		};
		161CDD942B3069FE007B80D5 /* Sources */ = {
			isa = PBXSourcesBuildPhase;
			buildActionMask = 2147483647;
			files = (
				161CDD9D2B3069FE007B80D5 /* POC_GeolocationTests.swift in Sources */,
			);
			runOnlyForDeploymentPostprocessing = 0;
		};
		161CDD9E2B3069FE007B80D5 /* Sources */ = {
			isa = PBXSourcesBuildPhase;
			buildActionMask = 2147483647;
			files = (
				161CDDA92B3069FE007B80D5 /* POC_GeolocationUITestsLaunchTests.swift in Sources */,
				161CDDA72B3069FE007B80D5 /* POC_GeolocationUITests.swift in Sources */,
			);
			runOnlyForDeploymentPostprocessing = 0;
		};
/* End PBXSourcesBuildPhase section */

/* Begin PBXTargetDependency section */
		161CDD9A2B3069FE007B80D5 /* PBXTargetDependency */ = {
			isa = PBXTargetDependency;
			target = 161CDD812B3069FC007B80D5 /* POC_Geolocation */;
			targetProxy = 161CDD992B3069FE007B80D5 /* PBXContainerItemProxy */;
		};
		161CDDA42B3069FE007B80D5 /* PBXTargetDependency */ = {
			isa = PBXTargetDependency;
			target = 161CDD812B3069FC007B80D5 /* POC_Geolocation */;
			targetProxy = 161CDDA32B3069FE007B80D5 /* PBXContainerItemProxy */;
		};
/* End PBXTargetDependency section */

/* Begin PBXVariantGroup section */
		161CDD8B2B3069FC007B80D5 /* Main.storyboard */ = {
			isa = PBXVariantGroup;
			children = (
				161CDD8C2B3069FC007B80D5 /* Base */,
			);
			name = Main.storyboard;
			sourceTree = "<group>";
		};
		161CDD902B3069FE007B80D5 /* LaunchScreen.storyboard */ = {
			isa = PBXVariantGroup;
			children = (
				161CDD912B3069FE007B80D5 /* Base */,
			);
			name = LaunchScreen.storyboard;
			sourceTree = "<group>";
		};
/* End PBXVariantGroup section */

/* Begin XCBuildConfiguration section */
		161CDDAA2B3069FE007B80D5 /* Debug */ = {
			isa = XCBuildConfiguration;
			buildSettings = {
				ALWAYS_SEARCH_USER_PATHS = NO;
				CLANG_ANALYZER_NONNULL = YES;
				CLANG_ANALYZER_NUMBER_OBJECT_CONVERSION = YES_AGGRESSIVE;
				CLANG_CXX_LANGUAGE_STANDARD = "gnu++20";
				CLANG_ENABLE_MODULES = YES;
				CLANG_ENABLE_OBJC_ARC = YES;
				CLANG_ENABLE_OBJC_WEAK = YES;
				CLANG_WARN_BLOCK_CAPTURE_AUTORELEASING = YES;
				CLANG_WARN_BOOL_CONVERSION = YES;
				CLANG_WARN_COMMA = YES;
				CLANG_WARN_CONSTANT_CONVERSION = YES;
				CLANG_WARN_DEPRECATED_OBJC_IMPLEMENTATIONS = YES;
				CLANG_WARN_DIRECT_OBJC_ISA_USAGE = YES_ERROR;
				CLANG_WARN_DOCUMENTATION_COMMENTS = YES;
				CLANG_WARN_EMPTY_BODY = YES;
				CLANG_WARN_ENUM_CONVERSION = YES;
				CLANG_WARN_INFINITE_RECURSION = YES;
				CLANG_WARN_INT_CONVERSION = YES;
				CLANG_WARN_NON_LITERAL_NULL_CONVERSION = YES;
				CLANG_WARN_OBJC_IMPLICIT_RETAIN_SELF = YES;
				CLANG_WARN_OBJC_LITERAL_CONVERSION = YES;
				CLANG_WARN_OBJC_ROOT_CLASS = YES_ERROR;
				CLANG_WARN_QUOTED_INCLUDE_IN_FRAMEWORK_HEADER = YES;
				CLANG_WARN_RANGE_LOOP_ANALYSIS = YES;
				CLANG_WARN_STRICT_PROTOTYPES = YES;
				CLANG_WARN_SUSPICIOUS_MOVE = YES;
				CLANG_WARN_UNGUARDED_AVAILABILITY = YES_AGGRESSIVE;
				CLANG_WARN_UNREACHABLE_CODE = YES;
				CLANG_WARN__DUPLICATE_METHOD_MATCH = YES;
				COPY_PHASE_STRIP = NO;
				DEBUG_INFORMATION_FORMAT = dwarf;
				ENABLE_STRICT_OBJC_MSGSEND = YES;
				ENABLE_TESTABILITY = YES;
				GCC_C_LANGUAGE_STANDARD = gnu11;
				GCC_DYNAMIC_NO_PIC = NO;
				GCC_NO_COMMON_BLOCKS = YES;
				GCC_OPTIMIZATION_LEVEL = 0;
				GCC_PREPROCESSOR_DEFINITIONS = (
					"DEBUG=1",
					"$(inherited)",
				);
				GCC_WARN_64_TO_32_BIT_CONVERSION = YES;
				GCC_WARN_ABOUT_RETURN_TYPE = YES_ERROR;
				GCC_WARN_UNDECLARED_SELECTOR = YES;
				GCC_WARN_UNINITIALIZED_AUTOS = YES_AGGRESSIVE;
				GCC_WARN_UNUSED_FUNCTION = YES;
				GCC_WARN_UNUSED_VARIABLE = YES;
				IPHONEOS_DEPLOYMENT_TARGET = 16.2;
				MTL_ENABLE_DEBUG_INFO = INCLUDE_SOURCE;
				MTL_FAST_MATH = YES;
				ONLY_ACTIVE_ARCH = YES;
				SDKROOT = iphoneos;
				SWIFT_ACTIVE_COMPILATION_CONDITIONS = DEBUG;
				SWIFT_OPTIMIZATION_LEVEL = "-Onone";
			};
			name = Debug;
		};
		161CDDAB2B3069FE007B80D5 /* Release */ = {
			isa = XCBuildConfiguration;
			buildSettings = {
				ALWAYS_SEARCH_USER_PATHS = NO;
				CLANG_ANALYZER_NONNULL = YES;
				CLANG_ANALYZER_NUMBER_OBJECT_CONVERSION = YES_AGGRESSIVE;
				CLANG_CXX_LANGUAGE_STANDARD = "gnu++20";
				CLANG_ENABLE_MODULES = YES;
				CLANG_ENABLE_OBJC_ARC = YES;
				CLANG_ENABLE_OBJC_WEAK = YES;
				CLANG_WARN_BLOCK_CAPTURE_AUTORELEASING = YES;
				CLANG_WARN_BOOL_CONVERSION = YES;
				CLANG_WARN_COMMA = YES;
				CLANG_WARN_CONSTANT_CONVERSION = YES;
				CLANG_WARN_DEPRECATED_OBJC_IMPLEMENTATIONS = YES;
				CLANG_WARN_DIRECT_OBJC_ISA_USAGE = YES_ERROR;
				CLANG_WARN_DOCUMENTATION_COMMENTS = YES;
				CLANG_WARN_EMPTY_BODY = YES;
				CLANG_WARN_ENUM_CONVERSION = YES;
				CLANG_WARN_INFINITE_RECURSION = YES;
				CLANG_WARN_INT_CONVERSION = YES;
				CLANG_WARN_NON_LITERAL_NULL_CONVERSION = YES;
				CLANG_WARN_OBJC_IMPLICIT_RETAIN_SELF = YES;
				CLANG_WARN_OBJC_LITERAL_CONVERSION = YES;
				CLANG_WARN_OBJC_ROOT_CLASS = YES_ERROR;
				CLANG_WARN_QUOTED_INCLUDE_IN_FRAMEWORK_HEADER = YES;
				CLANG_WARN_RANGE_LOOP_ANALYSIS = YES;
				CLANG_WARN_STRICT_PROTOTYPES = YES;
				CLANG_WARN_SUSPICIOUS_MOVE = YES;
				CLANG_WARN_UNGUARDED_AVAILABILITY = YES_AGGRESSIVE;
				CLANG_WARN_UNREACHABLE_CODE = YES;
				CLANG_WARN__DUPLICATE_METHOD_MATCH = YES;
				COPY_PHASE_STRIP = NO;
				DEBUG_INFORMATION_FORMAT = "dwarf-with-dsym";
				ENABLE_NS_ASSERTIONS = NO;
				ENABLE_STRICT_OBJC_MSGSEND = YES;
				GCC_C_LANGUAGE_STANDARD = gnu11;
				GCC_NO_COMMON_BLOCKS = YES;
				GCC_WARN_64_TO_32_BIT_CONVERSION = YES;
				GCC_WARN_ABOUT_RETURN_TYPE = YES_ERROR;
				GCC_WARN_UNDECLARED_SELECTOR = YES;
				GCC_WARN_UNINITIALIZED_AUTOS = YES_AGGRESSIVE;
				GCC_WARN_UNUSED_FUNCTION = YES;
				GCC_WARN_UNUSED_VARIABLE = YES;
				IPHONEOS_DEPLOYMENT_TARGET = 16.2;
				MTL_ENABLE_DEBUG_INFO = NO;
				MTL_FAST_MATH = YES;
				SDKROOT = iphoneos;
				SWIFT_COMPILATION_MODE = wholemodule;
				SWIFT_OPTIMIZATION_LEVEL = "-O";
				VALIDATE_PRODUCT = YES;
			};
			name = Release;
		};
		161CDDAD2B3069FE007B80D5 /* Debug */ = {
			isa = XCBuildConfiguration;
			buildSettings = {
				ASSETCATALOG_COMPILER_APPICON_NAME = AppIcon;
				ASSETCATALOG_COMPILER_GLOBAL_ACCENT_COLOR_NAME = AccentColor;
				CODE_SIGN_STYLE = Automatic;
				CURRENT_PROJECT_VERSION = 1;
				GENERATE_INFOPLIST_FILE = YES;
				INFOPLIST_FILE = POC_Geolocation/Info.plist;
				INFOPLIST_KEY_UIApplicationSupportsIndirectInputEvents = YES;
				INFOPLIST_KEY_UILaunchStoryboardName = LaunchScreen;
				INFOPLIST_KEY_UIMainStoryboardFile = Main;
				INFOPLIST_KEY_UISupportedInterfaceOrientations_iPad = "UIInterfaceOrientationPortrait UIInterfaceOrientationPortraitUpsideDown UIInterfaceOrientationLandscapeLeft UIInterfaceOrientationLandscapeRight";
				INFOPLIST_KEY_UISupportedInterfaceOrientations_iPhone = "UIInterfaceOrientationPortrait UIInterfaceOrientationLandscapeLeft UIInterfaceOrientationLandscapeRight";
				LD_RUNPATH_SEARCH_PATHS = (
					"$(inherited)",
					"@executable_path/Frameworks",
				);
				MARKETING_VERSION = 1.0;
				PRODUCT_BUNDLE_IDENTIFIER = "morona.POC-Geolocation";
				PRODUCT_NAME = "$(TARGET_NAME)";
				SWIFT_EMIT_LOC_STRINGS = YES;
				SWIFT_VERSION = 5.0;
				TARGETED_DEVICE_FAMILY = "1,2";
			};
			name = Debug;
		};
		161CDDAE2B3069FE007B80D5 /* Release */ = {
			isa = XCBuildConfiguration;
			buildSettings = {
				ASSETCATALOG_COMPILER_APPICON_NAME = AppIcon;
				ASSETCATALOG_COMPILER_GLOBAL_ACCENT_COLOR_NAME = AccentColor;
				CODE_SIGN_STYLE = Automatic;
				CURRENT_PROJECT_VERSION = 1;
				GENERATE_INFOPLIST_FILE = YES;
				INFOPLIST_FILE = POC_Geolocation/Info.plist;
				INFOPLIST_KEY_UIApplicationSupportsIndirectInputEvents = YES;
				INFOPLIST_KEY_UILaunchStoryboardName = LaunchScreen;
				INFOPLIST_KEY_UIMainStoryboardFile = Main;
				INFOPLIST_KEY_UISupportedInterfaceOrientations_iPad = "UIInterfaceOrientationPortrait UIInterfaceOrientationPortraitUpsideDown UIInterfaceOrientationLandscapeLeft UIInterfaceOrientationLandscapeRight";
				INFOPLIST_KEY_UISupportedInterfaceOrientations_iPhone = "UIInterfaceOrientationPortrait UIInterfaceOrientationLandscapeLeft UIInterfaceOrientationLandscapeRight";
				LD_RUNPATH_SEARCH_PATHS = (
					"$(inherited)",
					"@executable_path/Frameworks",
				);
				MARKETING_VERSION = 1.0;
				PRODUCT_BUNDLE_IDENTIFIER = "morona.POC-Geolocation";
				PRODUCT_NAME = "$(TARGET_NAME)";
				SWIFT_EMIT_LOC_STRINGS = YES;
				SWIFT_VERSION = 5.0;
				TARGETED_DEVICE_FAMILY = "1,2";
			};
			name = Release;
		};
		161CDDB02B3069FE007B80D5 /* Debug */ = {
			isa = XCBuildConfiguration;
			buildSettings = {
				ALWAYS_EMBED_SWIFT_STANDARD_LIBRARIES = YES;
				BUNDLE_LOADER = "$(TEST_HOST)";
				CODE_SIGN_STYLE = Automatic;
				CURRENT_PROJECT_VERSION = 1;
				GENERATE_INFOPLIST_FILE = YES;
				IPHONEOS_DEPLOYMENT_TARGET = 16.2;
				MARKETING_VERSION = 1.0;
				PRODUCT_BUNDLE_IDENTIFIER = "morona.POC-GeolocationTests";
				PRODUCT_NAME = "$(TARGET_NAME)";
				SWIFT_EMIT_LOC_STRINGS = NO;
				SWIFT_VERSION = 5.0;
				TARGETED_DEVICE_FAMILY = "1,2";
				TEST_HOST = "$(BUILT_PRODUCTS_DIR)/POC_Geolocation.app/$(BUNDLE_EXECUTABLE_FOLDER_PATH)/POC_Geolocation";
			};
			name = Debug;
		};
		161CDDB12B3069FE007B80D5 /* Release */ = {
			isa = XCBuildConfiguration;
			buildSettings = {
				ALWAYS_EMBED_SWIFT_STANDARD_LIBRARIES = YES;
				BUNDLE_LOADER = "$(TEST_HOST)";
				CODE_SIGN_STYLE = Automatic;
				CURRENT_PROJECT_VERSION = 1;
				GENERATE_INFOPLIST_FILE = YES;
				IPHONEOS_DEPLOYMENT_TARGET = 16.2;
				MARKETING_VERSION = 1.0;
				PRODUCT_BUNDLE_IDENTIFIER = "morona.POC-GeolocationTests";
				PRODUCT_NAME = "$(TARGET_NAME)";
				SWIFT_EMIT_LOC_STRINGS = NO;
				SWIFT_VERSION = 5.0;
				TARGETED_DEVICE_FAMILY = "1,2";
				TEST_HOST = "$(BUILT_PRODUCTS_DIR)/POC_Geolocation.app/$(BUNDLE_EXECUTABLE_FOLDER_PATH)/POC_Geolocation";
			};
			name = Release;
		};
		161CDDB32B3069FE007B80D5 /* Debug */ = {
			isa = XCBuildConfiguration;
			buildSettings = {
				ALWAYS_EMBED_SWIFT_STANDARD_LIBRARIES = YES;
				CODE_SIGN_STYLE = Automatic;
				CURRENT_PROJECT_VERSION = 1;
				GENERATE_INFOPLIST_FILE = YES;
				MARKETING_VERSION = 1.0;
				PRODUCT_BUNDLE_IDENTIFIER = "morona.POC-GeolocationUITests";
				PRODUCT_NAME = "$(TARGET_NAME)";
				SWIFT_EMIT_LOC_STRINGS = NO;
				SWIFT_VERSION = 5.0;
				TARGETED_DEVICE_FAMILY = "1,2";
				TEST_TARGET_NAME = POC_Geolocation;
			};
			name = Debug;
		};
		161CDDB42B3069FE007B80D5 /* Release */ = {
			isa = XCBuildConfiguration;
			buildSettings = {
				ALWAYS_EMBED_SWIFT_STANDARD_LIBRARIES = YES;
				CODE_SIGN_STYLE = Automatic;
				CURRENT_PROJECT_VERSION = 1;
				GENERATE_INFOPLIST_FILE = YES;
				MARKETING_VERSION = 1.0;
				PRODUCT_BUNDLE_IDENTIFIER = "morona.POC-GeolocationUITests";
				PRODUCT_NAME = "$(TARGET_NAME)";
				SWIFT_EMIT_LOC_STRINGS = NO;
				SWIFT_VERSION = 5.0;
				TARGETED_DEVICE_FAMILY = "1,2";
				TEST_TARGET_NAME = POC_Geolocation;
			};
			name = Release;
		};
/* End XCBuildConfiguration section */

/* Begin XCConfigurationList section */
		161CDD7D2B3069FC007B80D5 /* Build configuration list for PBXProject "POC_Geolocation" */ = {
			isa = XCConfigurationList;
			buildConfigurations = (
				161CDDAA2B3069FE007B80D5 /* Debug */,
				161CDDAB2B3069FE007B80D5 /* Release */,
			);
			defaultConfigurationIsVisible = 0;
			defaultConfigurationName = Release;
		};
		161CDDAC2B3069FE007B80D5 /* Build configuration list for PBXNativeTarget "POC_Geolocation" */ = {
			isa = XCConfigurationList;
			buildConfigurations = (
				161CDDAD2B3069FE007B80D5 /* Debug */,
				161CDDAE2B3069FE007B80D5 /* Release */,
			);
			defaultConfigurationIsVisible = 0;
			defaultConfigurationName = Release;
		};
		161CDDAF2B3069FE007B80D5 /* Build configuration list for PBXNativeTarget "POC_GeolocationTests" */ = {
			isa = XCConfigurationList;
			buildConfigurations = (
				161CDDB02B3069FE007B80D5 /* Debug */,
				161CDDB12B3069FE007B80D5 /* Release */,
			);
			defaultConfigurationIsVisible = 0;
			defaultConfigurationName = Release;
		};
		161CDDB22B3069FE007B80D5 /* Build configuration list for PBXNativeTarget "POC_GeolocationUITests" */ = {
			isa = XCConfigurationList;
			buildConfigurations = (
				161CDDB32B3069FE007B80D5 /* Debug */,
				161CDDB42B3069FE007B80D5 /* Release */,
			);
			defaultConfigurationIsVisible = 0;
			defaultConfigurationName = Release;
		};
/* End XCConfigurationList section */
	};
	rootObject = 161CDD7A2B3069FC007B80D5 /* Project object */;
}
